// !$*UTF8*$!
{
	archiveVersion = 1;
	classes = {
	};
	objectVersion = 50;
	objects = {

/* Begin PBXBuildFile section */
		6D65FB93FADD10DE574486D8 /* Pods_FastlaneTestApp.framework in Frameworks */ = {isa = PBXBuildFile; fileRef = A1B7F342E3600F0625E5B610 /* Pods_FastlaneTestApp.framework */; };
		CB14CD7C731EC796E3CF8C9C /* Pods_FastlaneTestApp_FastlaneTestAppUITests.framework in Frameworks */ = {isa = PBXBuildFile; fileRef = 45AE8A02D7DAB609EDE23874 /* Pods_FastlaneTestApp_FastlaneTestAppUITests.framework */; };
		D82B898824F182BD00E268F6 /* AppDelegate.swift in Sources */ = {isa = PBXBuildFile; fileRef = D82B898724F182BD00E268F6 /* AppDelegate.swift */; };
		D82B898A24F182BD00E268F6 /* SceneDelegate.swift in Sources */ = {isa = PBXBuildFile; fileRef = D82B898924F182BD00E268F6 /* SceneDelegate.swift */; };
		D82B898C24F182BD00E268F6 /* ViewController.swift in Sources */ = {isa = PBXBuildFile; fileRef = D82B898B24F182BD00E268F6 /* ViewController.swift */; };
		D82B898F24F182BD00E268F6 /* Main.storyboard in Resources */ = {isa = PBXBuildFile; fileRef = D82B898D24F182BD00E268F6 /* Main.storyboard */; };
		D82B899124F182BF00E268F6 /* Assets.xcassets in Resources */ = {isa = PBXBuildFile; fileRef = D82B899024F182BF00E268F6 /* Assets.xcassets */; };
		D82B899424F182BF00E268F6 /* LaunchScreen.storyboard in Resources */ = {isa = PBXBuildFile; fileRef = D82B899224F182BF00E268F6 /* LaunchScreen.storyboard */; };
		D82B899F24F182BF00E268F6 /* FastlaneTestAppTests.swift in Sources */ = {isa = PBXBuildFile; fileRef = D82B899E24F182BF00E268F6 /* FastlaneTestAppTests.swift */; };
		D82B89AA24F182BF00E268F6 /* FastlaneTestAppUITests.swift in Sources */ = {isa = PBXBuildFile; fileRef = D82B89A924F182BF00E268F6 /* FastlaneTestAppUITests.swift */; };
		DD6E3B999941ED213B3F08D7 /* Pods_FastlaneTestAppTests.framework in Frameworks */ = {isa = PBXBuildFile; fileRef = 520FEAA660ECB594038DC67E /* Pods_FastlaneTestAppTests.framework */; };
/* End PBXBuildFile section */

/* Begin PBXContainerItemProxy section */
		D82B899B24F182BF00E268F6 /* PBXContainerItemProxy */ = {
			isa = PBXContainerItemProxy;
			containerPortal = D82B897C24F182BD00E268F6 /* Project object */;
			proxyType = 1;
			remoteGlobalIDString = D82B898324F182BD00E268F6;
			remoteInfo = FastlaneTestApp;
		};
		D82B89A624F182BF00E268F6 /* PBXContainerItemProxy */ = {
			isa = PBXContainerItemProxy;
			containerPortal = D82B897C24F182BD00E268F6 /* Project object */;
			proxyType = 1;
			remoteGlobalIDString = D82B898324F182BD00E268F6;
			remoteInfo = FastlaneTestApp;
		};
/* End PBXContainerItemProxy section */

/* Begin PBXFileReference section */
		2F6F60EDDFFCF99AAFF16860 /* Pods-FastlaneTestApp-FastlaneTestAppUITests.debug.xcconfig */ = {isa = PBXFileReference; includeInIndex = 1; lastKnownFileType = text.xcconfig; name = "Pods-FastlaneTestApp-FastlaneTestAppUITests.debug.xcconfig"; path = "Target Support Files/Pods-FastlaneTestApp-FastlaneTestAppUITests/Pods-FastlaneTestApp-FastlaneTestAppUITests.debug.xcconfig"; sourceTree = "<group>"; };
		396776C0210C0C67E52B9B54 /* Pods-FastlaneTestApp.debug.xcconfig */ = {isa = PBXFileReference; includeInIndex = 1; lastKnownFileType = text.xcconfig; name = "Pods-FastlaneTestApp.debug.xcconfig"; path = "Target Support Files/Pods-FastlaneTestApp/Pods-FastlaneTestApp.debug.xcconfig"; sourceTree = "<group>"; };
		45AE8A02D7DAB609EDE23874 /* Pods_FastlaneTestApp_FastlaneTestAppUITests.framework */ = {isa = PBXFileReference; explicitFileType = wrapper.framework; includeInIndex = 0; path = Pods_FastlaneTestApp_FastlaneTestAppUITests.framework; sourceTree = BUILT_PRODUCTS_DIR; };
		478CEB1911EDE0FB8F544839 /* Pods-FastlaneTestAppTests.release.xcconfig */ = {isa = PBXFileReference; includeInIndex = 1; lastKnownFileType = text.xcconfig; name = "Pods-FastlaneTestAppTests.release.xcconfig"; path = "Target Support Files/Pods-FastlaneTestAppTests/Pods-FastlaneTestAppTests.release.xcconfig"; sourceTree = "<group>"; };
		520FEAA660ECB594038DC67E /* Pods_FastlaneTestAppTests.framework */ = {isa = PBXFileReference; explicitFileType = wrapper.framework; includeInIndex = 0; path = Pods_FastlaneTestAppTests.framework; sourceTree = BUILT_PRODUCTS_DIR; };
		8236C76E74A57714C540A31A /* Pods-FastlaneTestAppTests.debug.xcconfig */ = {isa = PBXFileReference; includeInIndex = 1; lastKnownFileType = text.xcconfig; name = "Pods-FastlaneTestAppTests.debug.xcconfig"; path = "Target Support Files/Pods-FastlaneTestAppTests/Pods-FastlaneTestAppTests.debug.xcconfig"; sourceTree = "<group>"; };
		9599EED70CFE1B16474B3769 /* Pods-FastlaneTestApp-FastlaneTestAppUITests.release.xcconfig */ = {isa = PBXFileReference; includeInIndex = 1; lastKnownFileType = text.xcconfig; name = "Pods-FastlaneTestApp-FastlaneTestAppUITests.release.xcconfig"; path = "Target Support Files/Pods-FastlaneTestApp-FastlaneTestAppUITests/Pods-FastlaneTestApp-FastlaneTestAppUITests.release.xcconfig"; sourceTree = "<group>"; };
		A1B7F342E3600F0625E5B610 /* Pods_FastlaneTestApp.framework */ = {isa = PBXFileReference; explicitFileType = wrapper.framework; includeInIndex = 0; path = Pods_FastlaneTestApp.framework; sourceTree = BUILT_PRODUCTS_DIR; };
		D82B898424F182BD00E268F6 /* FastlaneTestApp.app */ = {isa = PBXFileReference; explicitFileType = wrapper.application; includeInIndex = 0; path = FastlaneTestApp.app; sourceTree = BUILT_PRODUCTS_DIR; };
		D82B898724F182BD00E268F6 /* AppDelegate.swift */ = {isa = PBXFileReference; lastKnownFileType = sourcecode.swift; path = AppDelegate.swift; sourceTree = "<group>"; };
		D82B898924F182BD00E268F6 /* SceneDelegate.swift */ = {isa = PBXFileReference; lastKnownFileType = sourcecode.swift; path = SceneDelegate.swift; sourceTree = "<group>"; };
		D82B898B24F182BD00E268F6 /* ViewController.swift */ = {isa = PBXFileReference; lastKnownFileType = sourcecode.swift; path = ViewController.swift; sourceTree = "<group>"; };
		D82B898E24F182BD00E268F6 /* Base */ = {isa = PBXFileReference; lastKnownFileType = file.storyboard; name = Base; path = Base.lproj/Main.storyboard; sourceTree = "<group>"; };
		D82B899024F182BF00E268F6 /* Assets.xcassets */ = {isa = PBXFileReference; lastKnownFileType = folder.assetcatalog; path = Assets.xcassets; sourceTree = "<group>"; };
		D82B899324F182BF00E268F6 /* Base */ = {isa = PBXFileReference; lastKnownFileType = file.storyboard; name = Base; path = Base.lproj/LaunchScreen.storyboard; sourceTree = "<group>"; };
		D82B899524F182BF00E268F6 /* Info.plist */ = {isa = PBXFileReference; lastKnownFileType = text.plist.xml; path = Info.plist; sourceTree = "<group>"; };
		D82B899A24F182BF00E268F6 /* FastlaneTestAppTests.xctest */ = {isa = PBXFileReference; explicitFileType = wrapper.cfbundle; includeInIndex = 0; path = FastlaneTestAppTests.xctest; sourceTree = BUILT_PRODUCTS_DIR; };
		D82B899E24F182BF00E268F6 /* FastlaneTestAppTests.swift */ = {isa = PBXFileReference; lastKnownFileType = sourcecode.swift; path = FastlaneTestAppTests.swift; sourceTree = "<group>"; };
		D82B89A024F182BF00E268F6 /* Info.plist */ = {isa = PBXFileReference; lastKnownFileType = text.plist.xml; path = Info.plist; sourceTree = "<group>"; };
		D82B89A524F182BF00E268F6 /* FastlaneTestAppUITests.xctest */ = {isa = PBXFileReference; explicitFileType = wrapper.cfbundle; includeInIndex = 0; path = FastlaneTestAppUITests.xctest; sourceTree = BUILT_PRODUCTS_DIR; };
		D82B89A924F182BF00E268F6 /* FastlaneTestAppUITests.swift */ = {isa = PBXFileReference; lastKnownFileType = sourcecode.swift; path = FastlaneTestAppUITests.swift; sourceTree = "<group>"; };
		D82B89AB24F182BF00E268F6 /* Info.plist */ = {isa = PBXFileReference; lastKnownFileType = text.plist.xml; path = Info.plist; sourceTree = "<group>"; };
		E0030FB9839134F6694FF4C0 /* Pods-FastlaneTestApp.release.xcconfig */ = {isa = PBXFileReference; includeInIndex = 1; lastKnownFileType = text.xcconfig; name = "Pods-FastlaneTestApp.release.xcconfig"; path = "Target Support Files/Pods-FastlaneTestApp/Pods-FastlaneTestApp.release.xcconfig"; sourceTree = "<group>"; };
/* End PBXFileReference section */

/* Begin PBXFrameworksBuildPhase section */
		D82B898124F182BD00E268F6 /* Frameworks */ = {
			isa = PBXFrameworksBuildPhase;
			buildActionMask = 2147483647;
			files = (
				6D65FB93FADD10DE574486D8 /* Pods_FastlaneTestApp.framework in Frameworks */,
			);
			runOnlyForDeploymentPostprocessing = 0;
		};
		D82B899724F182BF00E268F6 /* Frameworks */ = {
			isa = PBXFrameworksBuildPhase;
			buildActionMask = 2147483647;
			files = (
				DD6E3B999941ED213B3F08D7 /* Pods_FastlaneTestAppTests.framework in Frameworks */,
			);
			runOnlyForDeploymentPostprocessing = 0;
		};
		D82B89A224F182BF00E268F6 /* Frameworks */ = {
			isa = PBXFrameworksBuildPhase;
			buildActionMask = 2147483647;
			files = (
				CB14CD7C731EC796E3CF8C9C /* Pods_FastlaneTestApp_FastlaneTestAppUITests.framework in Frameworks */,
			);
			runOnlyForDeploymentPostprocessing = 0;
		};
/* End PBXFrameworksBuildPhase section */

/* Begin PBXGroup section */
		D1C28EB61142E121386844C4 /* Pods */ = {
			isa = PBXGroup;
			children = (
				396776C0210C0C67E52B9B54 /* Pods-FastlaneTestApp.debug.xcconfig */,
				E0030FB9839134F6694FF4C0 /* Pods-FastlaneTestApp.release.xcconfig */,
				2F6F60EDDFFCF99AAFF16860 /* Pods-FastlaneTestApp-FastlaneTestAppUITests.debug.xcconfig */,
				9599EED70CFE1B16474B3769 /* Pods-FastlaneTestApp-FastlaneTestAppUITests.release.xcconfig */,
				8236C76E74A57714C540A31A /* Pods-FastlaneTestAppTests.debug.xcconfig */,
				478CEB1911EDE0FB8F544839 /* Pods-FastlaneTestAppTests.release.xcconfig */,
			);
			name = Pods;
			path = Pods;
			sourceTree = "<group>";
		};
		D82B897B24F182BD00E268F6 = {
			isa = PBXGroup;
			children = (
				D82B898624F182BD00E268F6 /* FastlaneTestApp */,
				D82B899D24F182BF00E268F6 /* FastlaneTestAppTests */,
				D82B89A824F182BF00E268F6 /* FastlaneTestAppUITests */,
				D82B898524F182BD00E268F6 /* Products */,
				D1C28EB61142E121386844C4 /* Pods */,
				FCFB533DC5BA12DAD5CEDC7E /* Frameworks */,
			);
			sourceTree = "<group>";
		};
		D82B898524F182BD00E268F6 /* Products */ = {
			isa = PBXGroup;
			children = (
				D82B898424F182BD00E268F6 /* FastlaneTestApp.app */,
				D82B899A24F182BF00E268F6 /* FastlaneTestAppTests.xctest */,
				D82B89A524F182BF00E268F6 /* FastlaneTestAppUITests.xctest */,
			);
			name = Products;
			sourceTree = "<group>";
		};
		D82B898624F182BD00E268F6 /* FastlaneTestApp */ = {
			isa = PBXGroup;
			children = (
				D82B898724F182BD00E268F6 /* AppDelegate.swift */,
				D82B898924F182BD00E268F6 /* SceneDelegate.swift */,
				D82B898B24F182BD00E268F6 /* ViewController.swift */,
				D82B898D24F182BD00E268F6 /* Main.storyboard */,
				D82B899024F182BF00E268F6 /* Assets.xcassets */,
				D82B899224F182BF00E268F6 /* LaunchScreen.storyboard */,
				D82B899524F182BF00E268F6 /* Info.plist */,
			);
			path = FastlaneTestApp;
			sourceTree = "<group>";
		};
		D82B899D24F182BF00E268F6 /* FastlaneTestAppTests */ = {
			isa = PBXGroup;
			children = (
				D82B899E24F182BF00E268F6 /* FastlaneTestAppTests.swift */,
				D82B89A024F182BF00E268F6 /* Info.plist */,
			);
			path = FastlaneTestAppTests;
			sourceTree = "<group>";
		};
		D82B89A824F182BF00E268F6 /* FastlaneTestAppUITests */ = {
			isa = PBXGroup;
			children = (
				D82B89A924F182BF00E268F6 /* FastlaneTestAppUITests.swift */,
				D82B89AB24F182BF00E268F6 /* Info.plist */,
			);
			path = FastlaneTestAppUITests;
			sourceTree = "<group>";
		};
		FCFB533DC5BA12DAD5CEDC7E /* Frameworks */ = {
			isa = PBXGroup;
			children = (
				A1B7F342E3600F0625E5B610 /* Pods_FastlaneTestApp.framework */,
				45AE8A02D7DAB609EDE23874 /* Pods_FastlaneTestApp_FastlaneTestAppUITests.framework */,
				520FEAA660ECB594038DC67E /* Pods_FastlaneTestAppTests.framework */,
			);
			name = Frameworks;
			sourceTree = "<group>";
		};
/* End PBXGroup section */

/* Begin PBXNativeTarget section */
		D82B898324F182BD00E268F6 /* FastlaneTestApp */ = {
			isa = PBXNativeTarget;
			buildConfigurationList = D82B89AE24F182BF00E268F6 /* Build configuration list for PBXNativeTarget "FastlaneTestApp" */;
			buildPhases = (
				70F135EAD5FB8D9A44269DD6 /* [CP] Check Pods Manifest.lock */,
				D82B898024F182BD00E268F6 /* Sources */,
				D82B898124F182BD00E268F6 /* Frameworks */,
				D82B898224F182BD00E268F6 /* Resources */,
				0E88C9F257D206955BDEBE11 /* [CP] Embed Pods Frameworks */,
			);
			buildRules = (
			);
			dependencies = (
			);
			name = FastlaneTestApp;
			productName = FastlaneTestApp;
			productReference = D82B898424F182BD00E268F6 /* FastlaneTestApp.app */;
			productType = "com.apple.product-type.application";
		};
		D82B899924F182BF00E268F6 /* FastlaneTestAppTests */ = {
			isa = PBXNativeTarget;
			buildConfigurationList = D82B89B124F182BF00E268F6 /* Build configuration list for PBXNativeTarget "FastlaneTestAppTests" */;
			buildPhases = (
				C84373E0F8A49929EF142E2F /* [CP] Check Pods Manifest.lock */,
				D82B899624F182BF00E268F6 /* Sources */,
				D82B899724F182BF00E268F6 /* Frameworks */,
				D82B899824F182BF00E268F6 /* Resources */,
			);
			buildRules = (
			);
			dependencies = (
				D82B899C24F182BF00E268F6 /* PBXTargetDependency */,
			);
			name = FastlaneTestAppTests;
			productName = FastlaneTestAppTests;
			productReference = D82B899A24F182BF00E268F6 /* FastlaneTestAppTests.xctest */;
			productType = "com.apple.product-type.bundle.unit-test";
		};
		D82B89A424F182BF00E268F6 /* FastlaneTestAppUITests */ = {
			isa = PBXNativeTarget;
			buildConfigurationList = D82B89B424F182BF00E268F6 /* Build configuration list for PBXNativeTarget "FastlaneTestAppUITests" */;
			buildPhases = (
				5FE3018D2C1C0FA1D1C3B886 /* [CP] Check Pods Manifest.lock */,
				D82B89A124F182BF00E268F6 /* Sources */,
				D82B89A224F182BF00E268F6 /* Frameworks */,
				D82B89A324F182BF00E268F6 /* Resources */,
				0A8810D930297B8FCF8AB5CC /* [CP] Embed Pods Frameworks */,
			);
			buildRules = (
			);
			dependencies = (
				D82B89A724F182BF00E268F6 /* PBXTargetDependency */,
			);
			name = FastlaneTestAppUITests;
			productName = FastlaneTestAppUITests;
			productReference = D82B89A524F182BF00E268F6 /* FastlaneTestAppUITests.xctest */;
			productType = "com.apple.product-type.bundle.ui-testing";
		};
/* End PBXNativeTarget section */

/* Begin PBXProject section */
		D82B897C24F182BD00E268F6 /* Project object */ = {
			isa = PBXProject;
			attributes = {
				LastSwiftUpdateCheck = 1160;
				LastUpgradeCheck = 1160;
				ORGANIZATIONNAME = "Алексей Усанов";
				TargetAttributes = {
					D82B898324F182BD00E268F6 = {
						CreatedOnToolsVersion = 11.6;
					};
					D82B899924F182BF00E268F6 = {
						CreatedOnToolsVersion = 11.6;
						TestTargetID = D82B898324F182BD00E268F6;
					};
					D82B89A424F182BF00E268F6 = {
						CreatedOnToolsVersion = 11.6;
						TestTargetID = D82B898324F182BD00E268F6;
					};
				};
			};
			buildConfigurationList = D82B897F24F182BD00E268F6 /* Build configuration list for PBXProject "FastlaneTestApp" */;
			compatibilityVersion = "Xcode 9.3";
			developmentRegion = en;
			hasScannedForEncodings = 0;
			knownRegions = (
				en,
				Base,
			);
			mainGroup = D82B897B24F182BD00E268F6;
			productRefGroup = D82B898524F182BD00E268F6 /* Products */;
			projectDirPath = "";
			projectRoot = "";
			targets = (
				D82B898324F182BD00E268F6 /* FastlaneTestApp */,
				D82B899924F182BF00E268F6 /* FastlaneTestAppTests */,
				D82B89A424F182BF00E268F6 /* FastlaneTestAppUITests */,
			);
		};
/* End PBXProject section */

/* Begin PBXResourcesBuildPhase section */
		D82B898224F182BD00E268F6 /* Resources */ = {
			isa = PBXResourcesBuildPhase;
			buildActionMask = 2147483647;
			files = (
				D82B899424F182BF00E268F6 /* LaunchScreen.storyboard in Resources */,
				D82B899124F182BF00E268F6 /* Assets.xcassets in Resources */,
				D82B898F24F182BD00E268F6 /* Main.storyboard in Resources */,
			);
			runOnlyForDeploymentPostprocessing = 0;
		};
		D82B899824F182BF00E268F6 /* Resources */ = {
			isa = PBXResourcesBuildPhase;
			buildActionMask = 2147483647;
			files = (
			);
			runOnlyForDeploymentPostprocessing = 0;
		};
		D82B89A324F182BF00E268F6 /* Resources */ = {
			isa = PBXResourcesBuildPhase;
			buildActionMask = 2147483647;
			files = (
			);
			runOnlyForDeploymentPostprocessing = 0;
		};
/* End PBXResourcesBuildPhase section */

/* Begin PBXShellScriptBuildPhase section */
		0A8810D930297B8FCF8AB5CC /* [CP] Embed Pods Frameworks */ = {
			isa = PBXShellScriptBuildPhase;
			buildActionMask = 2147483647;
			files = (
			);
			inputFileListPaths = (
				"${PODS_ROOT}/Target Support Files/Pods-FastlaneTestApp-FastlaneTestAppUITests/Pods-FastlaneTestApp-FastlaneTestAppUITests-frameworks-${CONFIGURATION}-input-files.xcfilelist",
			);
			name = "[CP] Embed Pods Frameworks";
			outputFileListPaths = (
				"${PODS_ROOT}/Target Support Files/Pods-FastlaneTestApp-FastlaneTestAppUITests/Pods-FastlaneTestApp-FastlaneTestAppUITests-frameworks-${CONFIGURATION}-output-files.xcfilelist",
			);
			runOnlyForDeploymentPostprocessing = 0;
			shellPath = /bin/sh;
			shellScript = "\"${PODS_ROOT}/Target Support Files/Pods-FastlaneTestApp-FastlaneTestAppUITests/Pods-FastlaneTestApp-FastlaneTestAppUITests-frameworks.sh\"\n";
			showEnvVarsInLog = 0;
		};
		0E88C9F257D206955BDEBE11 /* [CP] Embed Pods Frameworks */ = {
			isa = PBXShellScriptBuildPhase;
			buildActionMask = 2147483647;
			files = (
			);
			inputFileListPaths = (
				"${PODS_ROOT}/Target Support Files/Pods-FastlaneTestApp/Pods-FastlaneTestApp-frameworks-${CONFIGURATION}-input-files.xcfilelist",
			);
			name = "[CP] Embed Pods Frameworks";
			outputFileListPaths = (
				"${PODS_ROOT}/Target Support Files/Pods-FastlaneTestApp/Pods-FastlaneTestApp-frameworks-${CONFIGURATION}-output-files.xcfilelist",
			);
			runOnlyForDeploymentPostprocessing = 0;
			shellPath = /bin/sh;
			shellScript = "\"${PODS_ROOT}/Target Support Files/Pods-FastlaneTestApp/Pods-FastlaneTestApp-frameworks.sh\"\n";
			showEnvVarsInLog = 0;
		};
		5FE3018D2C1C0FA1D1C3B886 /* [CP] Check Pods Manifest.lock */ = {
			isa = PBXShellScriptBuildPhase;
			buildActionMask = 2147483647;
			files = (
			);
			inputFileListPaths = (
			);
			inputPaths = (
				"${PODS_PODFILE_DIR_PATH}/Podfile.lock",
				"${PODS_ROOT}/Manifest.lock",
			);
			name = "[CP] Check Pods Manifest.lock";
			outputFileListPaths = (
			);
			outputPaths = (
				"$(DERIVED_FILE_DIR)/Pods-FastlaneTestApp-FastlaneTestAppUITests-checkManifestLockResult.txt",
			);
			runOnlyForDeploymentPostprocessing = 0;
			shellPath = /bin/sh;
			shellScript = "diff \"${PODS_PODFILE_DIR_PATH}/Podfile.lock\" \"${PODS_ROOT}/Manifest.lock\" > /dev/null\nif [ $? != 0 ] ; then\n    # print error to STDERR\n    echo \"error: The sandbox is not in sync with the Podfile.lock. Run 'pod install' or update your CocoaPods installation.\" >&2\n    exit 1\nfi\n# This output is used by Xcode 'outputs' to avoid re-running this script phase.\necho \"SUCCESS\" > \"${SCRIPT_OUTPUT_FILE_0}\"\n";
			showEnvVarsInLog = 0;
		};
		70F135EAD5FB8D9A44269DD6 /* [CP] Check Pods Manifest.lock */ = {
			isa = PBXShellScriptBuildPhase;
			buildActionMask = 2147483647;
			files = (
			);
			inputFileListPaths = (
			);
			inputPaths = (
				"${PODS_PODFILE_DIR_PATH}/Podfile.lock",
				"${PODS_ROOT}/Manifest.lock",
			);
			name = "[CP] Check Pods Manifest.lock";
			outputFileListPaths = (
			);
			outputPaths = (
				"$(DERIVED_FILE_DIR)/Pods-FastlaneTestApp-checkManifestLockResult.txt",
			);
			runOnlyForDeploymentPostprocessing = 0;
			shellPath = /bin/sh;
			shellScript = "diff \"${PODS_PODFILE_DIR_PATH}/Podfile.lock\" \"${PODS_ROOT}/Manifest.lock\" > /dev/null\nif [ $? != 0 ] ; then\n    # print error to STDERR\n    echo \"error: The sandbox is not in sync with the Podfile.lock. Run 'pod install' or update your CocoaPods installation.\" >&2\n    exit 1\nfi\n# This output is used by Xcode 'outputs' to avoid re-running this script phase.\necho \"SUCCESS\" > \"${SCRIPT_OUTPUT_FILE_0}\"\n";
			showEnvVarsInLog = 0;
		};
		C84373E0F8A49929EF142E2F /* [CP] Check Pods Manifest.lock */ = {
			isa = PBXShellScriptBuildPhase;
			buildActionMask = 2147483647;
			files = (
			);
			inputFileListPaths = (
			);
			inputPaths = (
				"${PODS_PODFILE_DIR_PATH}/Podfile.lock",
				"${PODS_ROOT}/Manifest.lock",
			);
			name = "[CP] Check Pods Manifest.lock";
			outputFileListPaths = (
			);
			outputPaths = (
				"$(DERIVED_FILE_DIR)/Pods-FastlaneTestAppTests-checkManifestLockResult.txt",
			);
			runOnlyForDeploymentPostprocessing = 0;
			shellPath = /bin/sh;
			shellScript = "diff \"${PODS_PODFILE_DIR_PATH}/Podfile.lock\" \"${PODS_ROOT}/Manifest.lock\" > /dev/null\nif [ $? != 0 ] ; then\n    # print error to STDERR\n    echo \"error: The sandbox is not in sync with the Podfile.lock. Run 'pod install' or update your CocoaPods installation.\" >&2\n    exit 1\nfi\n# This output is used by Xcode 'outputs' to avoid re-running this script phase.\necho \"SUCCESS\" > \"${SCRIPT_OUTPUT_FILE_0}\"\n";
			showEnvVarsInLog = 0;
		};
/* End PBXShellScriptBuildPhase section */

/* Begin PBXSourcesBuildPhase section */
		D82B898024F182BD00E268F6 /* Sources */ = {
			isa = PBXSourcesBuildPhase;
			buildActionMask = 2147483647;
			files = (
				D82B898C24F182BD00E268F6 /* ViewController.swift in Sources */,
				D82B898824F182BD00E268F6 /* AppDelegate.swift in Sources */,
				D82B898A24F182BD00E268F6 /* SceneDelegate.swift in Sources */,
			);
			runOnlyForDeploymentPostprocessing = 0;
		};
		D82B899624F182BF00E268F6 /* Sources */ = {
			isa = PBXSourcesBuildPhase;
			buildActionMask = 2147483647;
			files = (
				D82B899F24F182BF00E268F6 /* FastlaneTestAppTests.swift in Sources */,
			);
			runOnlyForDeploymentPostprocessing = 0;
		};
		D82B89A124F182BF00E268F6 /* Sources */ = {
			isa = PBXSourcesBuildPhase;
			buildActionMask = 2147483647;
			files = (
				D82B89AA24F182BF00E268F6 /* FastlaneTestAppUITests.swift in Sources */,
			);
			runOnlyForDeploymentPostprocessing = 0;
		};
/* End PBXSourcesBuildPhase section */

/* Begin PBXTargetDependency section */
		D82B899C24F182BF00E268F6 /* PBXTargetDependency */ = {
			isa = PBXTargetDependency;
			target = D82B898324F182BD00E268F6 /* FastlaneTestApp */;
			targetProxy = D82B899B24F182BF00E268F6 /* PBXContainerItemProxy */;
		};
		D82B89A724F182BF00E268F6 /* PBXTargetDependency */ = {
			isa = PBXTargetDependency;
			target = D82B898324F182BD00E268F6 /* FastlaneTestApp */;
			targetProxy = D82B89A624F182BF00E268F6 /* PBXContainerItemProxy */;
		};
/* End PBXTargetDependency section */

/* Begin PBXVariantGroup section */
		D82B898D24F182BD00E268F6 /* Main.storyboard */ = {
			isa = PBXVariantGroup;
			children = (
				D82B898E24F182BD00E268F6 /* Base */,
			);
			name = Main.storyboard;
			sourceTree = "<group>";
		};
		D82B899224F182BF00E268F6 /* LaunchScreen.storyboard */ = {
			isa = PBXVariantGroup;
			children = (
				D82B899324F182BF00E268F6 /* Base */,
			);
			name = LaunchScreen.storyboard;
			sourceTree = "<group>";
		};
/* End PBXVariantGroup section */

/* Begin XCBuildConfiguration section */
		D82B89AC24F182BF00E268F6 /* Debug */ = {
			isa = XCBuildConfiguration;
			buildSettings = {
				ALWAYS_SEARCH_USER_PATHS = NO;
				CLANG_ANALYZER_NONNULL = YES;
				CLANG_ANALYZER_NUMBER_OBJECT_CONVERSION = YES_AGGRESSIVE;
				CLANG_CXX_LANGUAGE_STANDARD = "gnu++14";
				CLANG_CXX_LIBRARY = "libc++";
				CLANG_ENABLE_MODULES = YES;
				CLANG_ENABLE_OBJC_ARC = YES;
				CLANG_ENABLE_OBJC_WEAK = YES;
				CLANG_WARN_BLOCK_CAPTURE_AUTORELEASING = YES;
				CLANG_WARN_BOOL_CONVERSION = YES;
				CLANG_WARN_COMMA = YES;
				CLANG_WARN_CONSTANT_CONVERSION = YES;
				CLANG_WARN_DEPRECATED_OBJC_IMPLEMENTATIONS = YES;
				CLANG_WARN_DIRECT_OBJC_ISA_USAGE = YES_ERROR;
				CLANG_WARN_DOCUMENTATION_COMMENTS = YES;
				CLANG_WARN_EMPTY_BODY = YES;
				CLANG_WARN_ENUM_CONVERSION = YES;
				CLANG_WARN_INFINITE_RECURSION = YES;
				CLANG_WARN_INT_CONVERSION = YES;
				CLANG_WARN_NON_LITERAL_NULL_CONVERSION = YES;
				CLANG_WARN_OBJC_IMPLICIT_RETAIN_SELF = YES;
				CLANG_WARN_OBJC_LITERAL_CONVERSION = YES;
				CLANG_WARN_OBJC_ROOT_CLASS = YES_ERROR;
				CLANG_WARN_RANGE_LOOP_ANALYSIS = YES;
				CLANG_WARN_STRICT_PROTOTYPES = YES;
				CLANG_WARN_SUSPICIOUS_MOVE = YES;
				CLANG_WARN_UNGUARDED_AVAILABILITY = YES_AGGRESSIVE;
				CLANG_WARN_UNREACHABLE_CODE = YES;
				CLANG_WARN__DUPLICATE_METHOD_MATCH = YES;
				COPY_PHASE_STRIP = NO;
				DEBUG_INFORMATION_FORMAT = dwarf;
				ENABLE_STRICT_OBJC_MSGSEND = YES;
				ENABLE_TESTABILITY = YES;
				GCC_C_LANGUAGE_STANDARD = gnu11;
				GCC_DYNAMIC_NO_PIC = NO;
				GCC_NO_COMMON_BLOCKS = YES;
				GCC_OPTIMIZATION_LEVEL = 0;
				GCC_PREPROCESSOR_DEFINITIONS = (
					"DEBUG=1",
					"$(inherited)",
				);
				GCC_WARN_64_TO_32_BIT_CONVERSION = YES;
				GCC_WARN_ABOUT_RETURN_TYPE = YES_ERROR;
				GCC_WARN_UNDECLARED_SELECTOR = YES;
				GCC_WARN_UNINITIALIZED_AUTOS = YES_AGGRESSIVE;
				GCC_WARN_UNUSED_FUNCTION = YES;
				GCC_WARN_UNUSED_VARIABLE = YES;
				IPHONEOS_DEPLOYMENT_TARGET = 13.6;
				MTL_ENABLE_DEBUG_INFO = INCLUDE_SOURCE;
				MTL_FAST_MATH = YES;
				ONLY_ACTIVE_ARCH = YES;
				SDKROOT = iphoneos;
				SWIFT_ACTIVE_COMPILATION_CONDITIONS = DEBUG;
				SWIFT_OPTIMIZATION_LEVEL = "-Onone";
			};
			name = Debug;
		};
		D82B89AD24F182BF00E268F6 /* Release */ = {
			isa = XCBuildConfiguration;
			buildSettings = {
				ALWAYS_SEARCH_USER_PATHS = NO;
				CLANG_ANALYZER_NONNULL = YES;
				CLANG_ANALYZER_NUMBER_OBJECT_CONVERSION = YES_AGGRESSIVE;
				CLANG_CXX_LANGUAGE_STANDARD = "gnu++14";
				CLANG_CXX_LIBRARY = "libc++";
				CLANG_ENABLE_MODULES = YES;
				CLANG_ENABLE_OBJC_ARC = YES;
				CLANG_ENABLE_OBJC_WEAK = YES;
				CLANG_WARN_BLOCK_CAPTURE_AUTORELEASING = YES;
				CLANG_WARN_BOOL_CONVERSION = YES;
				CLANG_WARN_COMMA = YES;
				CLANG_WARN_CONSTANT_CONVERSION = YES;
				CLANG_WARN_DEPRECATED_OBJC_IMPLEMENTATIONS = YES;
				CLANG_WARN_DIRECT_OBJC_ISA_USAGE = YES_ERROR;
				CLANG_WARN_DOCUMENTATION_COMMENTS = YES;
				CLANG_WARN_EMPTY_BODY = YES;
				CLANG_WARN_ENUM_CONVERSION = YES;
				CLANG_WARN_INFINITE_RECURSION = YES;
				CLANG_WARN_INT_CONVERSION = YES;
				CLANG_WARN_NON_LITERAL_NULL_CONVERSION = YES;
				CLANG_WARN_OBJC_IMPLICIT_RETAIN_SELF = YES;
				CLANG_WARN_OBJC_LITERAL_CONVERSION = YES;
				CLANG_WARN_OBJC_ROOT_CLASS = YES_ERROR;
				CLANG_WARN_RANGE_LOOP_ANALYSIS = YES;
				CLANG_WARN_STRICT_PROTOTYPES = YES;
				CLANG_WARN_SUSPICIOUS_MOVE = YES;
				CLANG_WARN_UNGUARDED_AVAILABILITY = YES_AGGRESSIVE;
				CLANG_WARN_UNREACHABLE_CODE = YES;
				CLANG_WARN__DUPLICATE_METHOD_MATCH = YES;
				COPY_PHASE_STRIP = NO;
				DEBUG_INFORMATION_FORMAT = "dwarf-with-dsym";
				ENABLE_NS_ASSERTIONS = NO;
				ENABLE_STRICT_OBJC_MSGSEND = YES;
				GCC_C_LANGUAGE_STANDARD = gnu11;
				GCC_NO_COMMON_BLOCKS = YES;
				GCC_WARN_64_TO_32_BIT_CONVERSION = YES;
				GCC_WARN_ABOUT_RETURN_TYPE = YES_ERROR;
				GCC_WARN_UNDECLARED_SELECTOR = YES;
				GCC_WARN_UNINITIALIZED_AUTOS = YES_AGGRESSIVE;
				GCC_WARN_UNUSED_FUNCTION = YES;
				GCC_WARN_UNUSED_VARIABLE = YES;
				IPHONEOS_DEPLOYMENT_TARGET = 13.6;
				MTL_ENABLE_DEBUG_INFO = NO;
				MTL_FAST_MATH = YES;
				SDKROOT = iphoneos;
				SWIFT_COMPILATION_MODE = wholemodule;
				SWIFT_OPTIMIZATION_LEVEL = "-O";
				VALIDATE_PRODUCT = YES;
			};
			name = Release;
		};
		D82B89AF24F182BF00E268F6 /* Debug */ = {
			isa = XCBuildConfiguration;
			baseConfigurationReference = 396776C0210C0C67E52B9B54 /* Pods-FastlaneTestApp.debug.xcconfig */;
			buildSettings = {
				ASSETCATALOG_COMPILER_APPICON_NAME = AppIcon;
				CODE_SIGN_STYLE = Automatic;
				DEVELOPMENT_TEAM = PV86YXPL67;
				INFOPLIST_FILE = FastlaneTestApp/Info.plist;
				LD_RUNPATH_SEARCH_PATHS = (
					"$(inherited)",
					"@executable_path/Frameworks",
				);
				PRODUCT_BUNDLE_IDENTIFIER = com.sunrizz.FastlaneTestApp;
				PRODUCT_NAME = "$(TARGET_NAME)";
				SWIFT_VERSION = 5.0;
				TARGETED_DEVICE_FAMILY = "1,2";
			};
			name = Debug;
		};
		D82B89B024F182BF00E268F6 /* Release */ = {
			isa = XCBuildConfiguration;
			baseConfigurationReference = E0030FB9839134F6694FF4C0 /* Pods-FastlaneTestApp.release.xcconfig */;
			buildSettings = {
				ASSETCATALOG_COMPILER_APPICON_NAME = AppIcon;
				CODE_SIGN_STYLE = Automatic;
				DEVELOPMENT_TEAM = PV86YXPL67;
				INFOPLIST_FILE = FastlaneTestApp/Info.plist;
				LD_RUNPATH_SEARCH_PATHS = (
					"$(inherited)",
					"@executable_path/Frameworks",
				);
				PRODUCT_BUNDLE_IDENTIFIER = com.sunrizz.FastlaneTestApp;
				PRODUCT_NAME = "$(TARGET_NAME)";
				SWIFT_VERSION = 5.0;
				TARGETED_DEVICE_FAMILY = "1,2";
			};
			name = Release;
		};
		D82B89B224F182BF00E268F6 /* Debug */ = {
			isa = XCBuildConfiguration;
			baseConfigurationReference = 8236C76E74A57714C540A31A /* Pods-FastlaneTestAppTests.debug.xcconfig */;
			buildSettings = {
				ALWAYS_EMBED_SWIFT_STANDARD_LIBRARIES = YES;
				BUNDLE_LOADER = "$(TEST_HOST)";
				CODE_SIGN_STYLE = Automatic;
				DEVELOPMENT_TEAM = PV86YXPL67;
				INFOPLIST_FILE = FastlaneTestAppTests/Info.plist;
				IPHONEOS_DEPLOYMENT_TARGET = 13.6;
				LD_RUNPATH_SEARCH_PATHS = (
					"$(inherited)",
					"@executable_path/Frameworks",
					"@loader_path/Frameworks",
				);
				PRODUCT_BUNDLE_IDENTIFIER = com.sunrizz.FastlaneTestAppTests;
				PRODUCT_NAME = "$(TARGET_NAME)";
				SWIFT_VERSION = 5.0;
				TARGETED_DEVICE_FAMILY = "1,2";
				TEST_HOST = "$(BUILT_PRODUCTS_DIR)/FastlaneTestApp.app/FastlaneTestApp";
			};
			name = Debug;
		};
		D82B89B324F182BF00E268F6 /* Release */ = {
			isa = XCBuildConfiguration;
			baseConfigurationReference = 478CEB1911EDE0FB8F544839 /* Pods-FastlaneTestAppTests.release.xcconfig */;
			buildSettings = {
				ALWAYS_EMBED_SWIFT_STANDARD_LIBRARIES = YES;
				BUNDLE_LOADER = "$(TEST_HOST)";
				CODE_SIGN_STYLE = Automatic;
				DEVELOPMENT_TEAM = PV86YXPL67;
				INFOPLIST_FILE = FastlaneTestAppTests/Info.plist;
				IPHONEOS_DEPLOYMENT_TARGET = 13.6;
				LD_RUNPATH_SEARCH_PATHS = (
					"$(inherited)",
					"@executable_path/Frameworks",
					"@loader_path/Frameworks",
				);
				PRODUCT_BUNDLE_IDENTIFIER = com.sunrizz.FastlaneTestAppTests;
				PRODUCT_NAME = "$(TARGET_NAME)";
				SWIFT_VERSION = 5.0;
				TARGETED_DEVICE_FAMILY = "1,2";
				TEST_HOST = "$(BUILT_PRODUCTS_DIR)/FastlaneTestApp.app/FastlaneTestApp";
			};
			name = Release;
		};
		D82B89B524F182BF00E268F6 /* Debug */ = {
			isa = XCBuildConfiguration;
			baseConfigurationReference = 2F6F60EDDFFCF99AAFF16860 /* Pods-FastlaneTestApp-FastlaneTestAppUITests.debug.xcconfig */;
			buildSettings = {
				ALWAYS_EMBED_SWIFT_STANDARD_LIBRARIES = YES;
				CODE_SIGN_STYLE = Automatic;
				DEVELOPMENT_TEAM = PV86YXPL67;
				INFOPLIST_FILE = FastlaneTestAppUITests/Info.plist;
				LD_RUNPATH_SEARCH_PATHS = (
					"$(inherited)",
					"@executable_path/Frameworks",
					"@loader_path/Frameworks",
				);
				PRODUCT_BUNDLE_IDENTIFIER = com.sunrizz.FastlaneTestAppUITests;
				PRODUCT_NAME = "$(TARGET_NAME)";
				SWIFT_VERSION = 5.0;
				TARGETED_DEVICE_FAMILY = "1,2";
				TEST_TARGET_NAME = FastlaneTestApp;
			};
			name = Debug;
		};
		D82B89B624F182BF00E268F6 /* Release */ = {
			isa = XCBuildConfiguration;
			baseConfigurationReference = 9599EED70CFE1B16474B3769 /* Pods-FastlaneTestApp-FastlaneTestAppUITests.release.xcconfig */;
			buildSettings = {
				ALWAYS_EMBED_SWIFT_STANDARD_LIBRARIES = YES;
				CODE_SIGN_STYLE = Automatic;
				DEVELOPMENT_TEAM = PV86YXPL67;
				INFOPLIST_FILE = FastlaneTestAppUITests/Info.plist;
				LD_RUNPATH_SEARCH_PATHS = (
					"$(inherited)",
					"@executable_path/Frameworks",
					"@loader_path/Frameworks",
				);
				PRODUCT_BUNDLE_IDENTIFIER = com.sunrizz.FastlaneTestAppUITests;
				PRODUCT_NAME = "$(TARGET_NAME)";
				SWIFT_VERSION = 5.0;
				TARGETED_DEVICE_FAMILY = "1,2";
				TEST_TARGET_NAME = FastlaneTestApp;
			};
			name = Release;
		};
/* End XCBuildConfiguration section */

/* Begin XCConfigurationList section */
		D82B897F24F182BD00E268F6 /* Build configuration list for PBXProject "FastlaneTestApp" */ = {
			isa = XCConfigurationList;
			buildConfigurations = (
				D82B89AC24F182BF00E268F6 /* Debug */,
				D82B89AD24F182BF00E268F6 /* Release */,
			);
			defaultConfigurationIsVisible = 0;
			defaultConfigurationName = Release;
		};
		D82B89AE24F182BF00E268F6 /* Build configuration list for PBXNativeTarget "FastlaneTestApp" */ = {
			isa = XCConfigurationList;
			buildConfigurations = (
				D82B89AF24F182BF00E268F6 /* Debug */,
				D82B89B024F182BF00E268F6 /* Release */,
			);
			defaultConfigurationIsVisible = 0;
			defaultConfigurationName = Release;
		};
		D82B89B124F182BF00E268F6 /* Build configuration list for PBXNativeTarget "FastlaneTestAppTests" */ = {
			isa = XCConfigurationList;
			buildConfigurations = (
				D82B89B224F182BF00E268F6 /* Debug */,
				D82B89B324F182BF00E268F6 /* Release */,
			);
			defaultConfigurationIsVisible = 0;
			defaultConfigurationName = Release;
		};
		D82B89B424F182BF00E268F6 /* Build configuration list for PBXNativeTarget "FastlaneTestAppUITests" */ = {
			isa = XCConfigurationList;
			buildConfigurations = (
				D82B89B524F182BF00E268F6 /* Debug */,
				D82B89B624F182BF00E268F6 /* Release */,
			);
			defaultConfigurationIsVisible = 0;
			defaultConfigurationName = Release;
		};
/* End XCConfigurationList section */
	};
	rootObject = D82B897C24F182BD00E268F6 /* Project object */;
}
